
Microsoft Visual Studio Solution File, Format Version 12.00
# Visual Studio Version 17
VisualStudioVersion = 17.4.33122.133
MinimumVisualStudioVersion = 10.0.40219.1
Project("{FAE04EC0-301F-11D3-BF4B-00C04F79EFBC}") = "SaintMarysUniversity", "SaintMarysUniversity\SaintMarysUniversity.csproj", "{382940BC-30E3-43F1-903C-BEFA47957888}"
EndProject
Global
	GlobalSection(SolutionConfigurationPlatforms) = preSolution
		Debug|Any CPU = Debug|Any CPU
		Release|Any CPU = Release|Any CPU
	EndGlobalSection
	GlobalSection(ProjectConfigurationPlatforms) = postSolution
		{382940BC-30E3-43F1-903C-BEFA47957888}.Debug|Any CPU.ActiveCfg = Debug|Any CPU
		{382940BC-30E3-43F1-903C-BEFA47957888}.Debug|Any CPU.Build.0 = Debug|Any CPU
		{382940BC-30E3-43F1-903C-BEFA47957888}.Release|Any CPU.ActiveCfg = Release|Any CPU
		{382940BC-30E3-43F1-903C-BEFA47957888}.Release|Any CPU.Build.0 = Release|Any CPU
	EndGlobalSection
	GlobalSection(SolutionProperties) = preSolution
		HideSolutionNode = FALSE
	EndGlobalSection
	GlobalSection(ExtensibilityGlobals) = postSolution
		SolutionGuid = {C0AE81EB-140E-40F6-A605-587872565C2C}
	EndGlobalSection
EndGlobal
